
Microsoft Visual Studio Solution File, Format Version 12.00
# Visual Studio 15
VisualStudioVersion = 15.0.28010.2041
MinimumVisualStudioVersion = 10.0.40219.1
Project("{FAE04EC0-301F-11D3-BF4B-00C04F79EFBC}") = "MenuProvider.Interfaces", "MenuProvider.Interfaces\MenuProvider.Interfaces.csproj", "{EC68EB7C-D70C-45E1-A8C9-2095EB4DD338}"
EndProject
Global
	GlobalSection(SolutionConfigurationPlatforms) = preSolution
		Debug|Any CPU = Debug|Any CPU
		Release|Any CPU = Release|Any CPU
	EndGlobalSection
	GlobalSection(ProjectConfigurationPlatforms) = postSolution
		{EC68EB7C-D70C-45E1-A8C9-2095EB4DD338}.Debug|Any CPU.ActiveCfg = Debug|Any CPU
		{EC68EB7C-D70C-45E1-A8C9-2095EB4DD338}.Debug|Any CPU.Build.0 = Debug|Any CPU
		{EC68EB7C-D70C-45E1-A8C9-2095EB4DD338}.Release|Any CPU.ActiveCfg = Release|Any CPU
		{EC68EB7C-D70C-45E1-A8C9-2095EB4DD338}.Release|Any CPU.Build.0 = Release|Any CPU
	EndGlobalSection
	GlobalSection(SolutionProperties) = preSolution
		HideSolutionNode = FALSE
	EndGlobalSection
	GlobalSection(ExtensibilityGlobals) = postSolution
		SolutionGuid = {5F97C8F4-D759-4BD0-8D4E-018FA0BC2575}
	EndGlobalSection
EndGlobal
