
Microsoft Visual Studio Solution File, Format Version 12.00
# Visual Studio 15
VisualStudioVersion = 15.0.26730.3
MinimumVisualStudioVersion = 10.0.40219.1
Project("{FAE04EC0-301F-11D3-BF4B-00C04F79EFBC}") = "IdentityProvider.Interfaces", "IdentityProviderContracts\IdentityProvider.Interfaces.csproj", "{7B318A48-381C-40E8-BAB2-6D36EB41FF28}"
EndProject
Global
	GlobalSection(SolutionConfigurationPlatforms) = preSolution
		Debug|Any CPU = Debug|Any CPU
		Release|Any CPU = Release|Any CPU
	EndGlobalSection
	GlobalSection(ProjectConfigurationPlatforms) = postSolution
		{7B318A48-381C-40E8-BAB2-6D36EB41FF28}.Debug|Any CPU.ActiveCfg = Debug|Any CPU
		{7B318A48-381C-40E8-BAB2-6D36EB41FF28}.Debug|Any CPU.Build.0 = Debug|Any CPU
		{7B318A48-381C-40E8-BAB2-6D36EB41FF28}.Release|Any CPU.ActiveCfg = Release|Any CPU
		{7B318A48-381C-40E8-BAB2-6D36EB41FF28}.Release|Any CPU.Build.0 = Release|Any CPU
	EndGlobalSection
	GlobalSection(SolutionProperties) = preSolution
		HideSolutionNode = FALSE
	EndGlobalSection
	GlobalSection(ExtensibilityGlobals) = postSolution
		SolutionGuid = {12AE2DBD-C1EC-4960-A3E6-741CFA3BFE9D}
	EndGlobalSection
EndGlobal
