
Microsoft Visual Studio Solution File, Format Version 12.00
# Visual Studio 15
VisualStudioVersion = 15.0.27703.2018
MinimumVisualStudioVersion = 10.0.40219.1
Project("{9A19103F-16F7-4668-BE54-9A1E7A4F7556}") = "CWF.Core", "Cwf.Core.Core\CWF.Core.csproj", "{CE0F8E57-5AB0-4D2D-9CEE-4749512B948C}"
EndProject
Project("{9A19103F-16F7-4668-BE54-9A1E7A4F7556}") = "DemoStateMachine", "DemoStateMachine\DemoStateMachine.csproj", "{DCFAD871-190A-4150-AC9C-F4BFF03A8134}"
EndProject
Project("{9A19103F-16F7-4668-BE54-9A1E7A4F7556}") = "CWF.Demo.App", "Cwf.Demo.App\CWF.Demo.App.csproj", "{303F4647-F870-42C9-8E46-5BDB8F5FC42C}"
EndProject
Global
	GlobalSection(SolutionConfigurationPlatforms) = preSolution
		Debug - no copy|Any CPU = Debug - no copy|Any CPU
		Debug|Any CPU = Debug|Any CPU
		Release|Any CPU = Release|Any CPU
	EndGlobalSection
	GlobalSection(ProjectConfigurationPlatforms) = postSolution
		{CE0F8E57-5AB0-4D2D-9CEE-4749512B948C}.Debug - no copy|Any CPU.ActiveCfg = Debug - no copy|Any CPU
		{CE0F8E57-5AB0-4D2D-9CEE-4749512B948C}.Debug - no copy|Any CPU.Build.0 = Debug - no copy|Any CPU
		{CE0F8E57-5AB0-4D2D-9CEE-4749512B948C}.Debug|Any CPU.ActiveCfg = Debug|Any CPU
		{CE0F8E57-5AB0-4D2D-9CEE-4749512B948C}.Debug|Any CPU.Build.0 = Debug|Any CPU
		{CE0F8E57-5AB0-4D2D-9CEE-4749512B948C}.Release|Any CPU.ActiveCfg = Release|Any CPU
		{CE0F8E57-5AB0-4D2D-9CEE-4749512B948C}.Release|Any CPU.Build.0 = Release|Any CPU
		{DCFAD871-190A-4150-AC9C-F4BFF03A8134}.Debug - no copy|Any CPU.ActiveCfg = Debug - no copy|Any CPU
		{DCFAD871-190A-4150-AC9C-F4BFF03A8134}.Debug - no copy|Any CPU.Build.0 = Debug - no copy|Any CPU
		{DCFAD871-190A-4150-AC9C-F4BFF03A8134}.Debug|Any CPU.ActiveCfg = Debug|Any CPU
		{DCFAD871-190A-4150-AC9C-F4BFF03A8134}.Debug|Any CPU.Build.0 = Debug|Any CPU
		{DCFAD871-190A-4150-AC9C-F4BFF03A8134}.Release|Any CPU.ActiveCfg = Release|Any CPU
		{DCFAD871-190A-4150-AC9C-F4BFF03A8134}.Release|Any CPU.Build.0 = Release|Any CPU
		{303F4647-F870-42C9-8E46-5BDB8F5FC42C}.Debug - no copy|Any CPU.ActiveCfg = Debug - no copy|Any CPU
		{303F4647-F870-42C9-8E46-5BDB8F5FC42C}.Debug - no copy|Any CPU.Build.0 = Debug - no copy|Any CPU
		{303F4647-F870-42C9-8E46-5BDB8F5FC42C}.Debug|Any CPU.ActiveCfg = Debug|Any CPU
		{303F4647-F870-42C9-8E46-5BDB8F5FC42C}.Debug|Any CPU.Build.0 = Debug|Any CPU
		{303F4647-F870-42C9-8E46-5BDB8F5FC42C}.Release|Any CPU.ActiveCfg = Release|Any CPU
		{303F4647-F870-42C9-8E46-5BDB8F5FC42C}.Release|Any CPU.Build.0 = Release|Any CPU
	EndGlobalSection
	GlobalSection(SolutionProperties) = preSolution
		HideSolutionNode = FALSE
	EndGlobalSection
	GlobalSection(ExtensibilityGlobals) = postSolution
		SolutionGuid = {BC6946BA-B156-40B4-913E-FC1A23776F5A}
	EndGlobalSection
EndGlobal
