
Microsoft Visual Studio Solution File, Format Version 12.00
# Visual Studio 15
VisualStudioVersion = 15.0.26730.3
MinimumVisualStudioVersion = 10.0.40219.1
Project("{9A19103F-16F7-4668-BE54-9A1E7A4F7556}") = "IdentityProviderModel", "IdentityProviderModel\IdentityProviderModel.csproj", "{2C93DBCF-70C5-4DD4-83BB-7038A998EA17}"
EndProject
Project("{9A19103F-16F7-4668-BE54-9A1E7A4F7556}") = "BreanosIdentityProvider", "BreanosIdentityProvider\BreanosIdentityProvider.csproj", "{F6502F0D-ABCD-4469-A49C-468CA616F502}"
EndProject
Global
	GlobalSection(SolutionConfigurationPlatforms) = preSolution
		Debug|Any CPU = Debug|Any CPU
		Release|Any CPU = Release|Any CPU
	EndGlobalSection
	GlobalSection(ProjectConfigurationPlatforms) = postSolution
		{2C93DBCF-70C5-4DD4-83BB-7038A998EA17}.Debug|Any CPU.ActiveCfg = Debug|Any CPU
		{2C93DBCF-70C5-4DD4-83BB-7038A998EA17}.Debug|Any CPU.Build.0 = Debug|Any CPU
		{2C93DBCF-70C5-4DD4-83BB-7038A998EA17}.Release|Any CPU.ActiveCfg = Release|Any CPU
		{2C93DBCF-70C5-4DD4-83BB-7038A998EA17}.Release|Any CPU.Build.0 = Release|Any CPU
		{F6502F0D-ABCD-4469-A49C-468CA616F502}.Debug|Any CPU.ActiveCfg = Debug|Any CPU
		{F6502F0D-ABCD-4469-A49C-468CA616F502}.Debug|Any CPU.Build.0 = Debug|Any CPU
		{F6502F0D-ABCD-4469-A49C-468CA616F502}.Release|Any CPU.ActiveCfg = Release|Any CPU
		{F6502F0D-ABCD-4469-A49C-468CA616F502}.Release|Any CPU.Build.0 = Release|Any CPU
	EndGlobalSection
	GlobalSection(SolutionProperties) = preSolution
		HideSolutionNode = FALSE
	EndGlobalSection
	GlobalSection(ExtensibilityGlobals) = postSolution
		SolutionGuid = {94C279B6-4480-46AC-A91B-CE4D2B20F703}
	EndGlobalSection
EndGlobal
